
Microsoft Visual Studio Solution File, Format Version 12.00
# Visual Studio Version 17
VisualStudioVersion = 17.0.31903.59
MinimumVisualStudioVersion = 10.0.40219.1
Project("{2150E333-8FDC-42A3-9474-1A3956D46DE8}") = "BwFramework", "BwFramework", "{6798BB70-30F0-4A61-9B2D-DF8349ECD239}"
EndProject
Project("{2150E333-8FDC-42A3-9474-1A3956D46DE8}") = "src", "src", "{359D4177-03CB-43B1-9FEE-7C0AB4069661}"
EndProject
Project("{2150E333-8FDC-42A3-9474-1A3956D46DE8}") = "Core", "Core", "{E4595FF6-5295-46C6-B405-51040DDDB0D6}"
EndProject
Project("{FAE04EC0-301F-11D3-BF4B-00C04F79EFBC}") = "Bw.Core", "BwFramework\src\Core\Bw.Core\Bw.Core.csproj", "{FEF1FA58-4882-4675-A0F9-9C147163D598}"
EndProject
Project("{2150E333-8FDC-42A3-9474-1A3956D46DE8}") = "Domain", "Domain", "{FAC193F0-3F18-4A94-B8BA-10392D419D43}"
EndProject
Project("{FAE04EC0-301F-11D3-BF4B-00C04F79EFBC}") = "Bw.Domain", "BwFramework\src\Domain\Bw.Domain\Bw.Domain.csproj", "{B3EDFA2A-36AE-4DC6-9372-116E4BC20C65}"
EndProject
Project("{FAE04EC0-301F-11D3-BF4B-00C04F79EFBC}") = "Bw.Caching", "BwFramework\src\Bw.Caching\Bw.Caching.csproj", "{6B147687-3018-435C-8812-B525EE9A3D8B}"
EndProject
Project("{FAE04EC0-301F-11D3-BF4B-00C04F79EFBC}") = "Bw.Cqrs", "BwFramework\src\Bw.Cqrs\Bw.Cqrs.csproj", "{12E2AEA1-B1F5-4ACC-A4F4-E96FEB55D7FB}"
EndProject
Project("{FAE04EC0-301F-11D3-BF4B-00C04F79EFBC}") = "Bw.Email", "BwFramework\src\Bw.Email\Bw.Email.csproj", "{38606660-C8B5-4F2F-9269-125841DADF2F}"
EndProject
Project("{FAE04EC0-301F-11D3-BF4B-00C04F79EFBC}") = "Bw.EventSourcing", "BwFramework\src\Bw.EventSourcing\Bw.EventSourcing.csproj", "{82C93984-DC8E-48CE-8C48-2C980EB22446}"
EndProject
Project("{FAE04EC0-301F-11D3-BF4B-00C04F79EFBC}") = "Bw.HealthCheck", "BwFramework\src\Bw.HealthCheck\Bw.HealthCheck.csproj", "{3B970CD7-3EC4-4FD3-B17B-A81C0B855885}"
EndProject
Project("{FAE04EC0-301F-11D3-BF4B-00C04F79EFBC}") = "Bw.IdsGenerator", "BwFramework\src\Bw.IdsGenerator\Bw.IdsGenerator.csproj", "{DB90A8F4-7AF7-4867-81B1-8F0EBB834A3E}"
EndProject
Project("{FAE04EC0-301F-11D3-BF4B-00C04F79EFBC}") = "Bw.Integration.MassTransit", "BwFramework\src\Bw.Integration.MassTransit\Bw.Integration.MassTransit.csproj", "{2EF08A57-D0BC-4BE0-AB71-EFC41778A78D}"
EndProject
Project("{FAE04EC0-301F-11D3-BF4B-00C04F79EFBC}") = "Bw.Logging", "BwFramework\src\Bw.Logging\Bw.Logging.csproj", "{9445B733-0FC8-4398-A86D-DCD7BB17C359}"
EndProject
Project("{FAE04EC0-301F-11D3-BF4B-00C04F79EFBC}") = "Bw.Messaging", "BwFramework\src\Bw.Messaging\Bw.Messaging.csproj", "{490059F3-7B54-4166-827C-BDCE9628F65C}"
EndProject
Project("{FAE04EC0-301F-11D3-BF4B-00C04F79EFBC}") = "Bw.ObjectStorage.Minio", "BwFramework\src\Bw.ObjectStorage.Minio\Bw.ObjectStorage.Minio.csproj", "{38882319-F630-401C-9285-304000706DF5}"
EndProject
Project("{FAE04EC0-301F-11D3-BF4B-00C04F79EFBC}") = "Bw.Security", "BwFramework\src\Bw.Security\Bw.Security.csproj", "{6906316C-0433-446B-80BD-3D9465AA2FBC}"
EndProject
Project("{FAE04EC0-301F-11D3-BF4B-00C04F79EFBC}") = "Bw.Serialization", "BwFramework\src\Bw.Serialization\Bw.Serialization.csproj", "{21473B77-366D-4C5B-A04A-924DFD83CE25}"
EndProject
Project("{FAE04EC0-301F-11D3-BF4B-00C04F79EFBC}") = "Bw.Swagger", "BwFramework\src\Bw.Swagger\Bw.Swagger.csproj", "{CBA5F151-458D-48E8-B90E-ABB19F9BDEE7}"
EndProject
Project("{FAE04EC0-301F-11D3-BF4B-00C04F79EFBC}") = "Bw.Validation", "BwFramework\src\Bw.Validation\Bw.Validation.csproj", "{85A8FCA6-2A8B-4830-8788-2DC6D7D6F7E4}"
EndProject
Project("{FAE04EC0-301F-11D3-BF4B-00C04F79EFBC}") = "Bw.Web", "BwFramework\src\Bw.Web\Bw.Web.csproj", "{688A7D7E-34D0-4997-B102-442080039B51}"
EndProject
Project("{FAE04EC0-301F-11D3-BF4B-00C04F79EFBC}") = "Bw.XCommonHttpclient", "BwFramework\src\Bw.XCommonHttpclient\Bw.XCommonHttpclient.csproj", "{2B2B0734-1E8D-4D3E-B8BD-387D959BC025}"
EndProject
Project("{2150E333-8FDC-42A3-9474-1A3956D46DE8}") = "Extensions", "Extensions", "{3C15F4BE-B1FB-47C1-A7CD-EF37C221DC99}"
EndProject
Project("{FAE04EC0-301F-11D3-BF4B-00C04F79EFBC}") = "Bw.Extensions", "BwFramework\src\Extensions\Bw.Extensions\Bw.Extensions.csproj", "{49801F33-E3CE-4848-BE46-57FE21F94363}"
EndProject
Project("{FAE04EC0-301F-11D3-BF4B-00C04F79EFBC}") = "Bw.Extensions.Collection", "BwFramework\src\Extensions\Bw.Extensions.Collection\Bw.Extensions.Collection.csproj", "{C3CD08A1-7063-4B14-8A07-FB41355C0661}"
EndProject
Project("{FAE04EC0-301F-11D3-BF4B-00C04F79EFBC}") = "Bw.Extensions.Cqrs", "BwFramework\src\Extensions\Bw.Extensions.Cqrs\Bw.Extensions.Cqrs.csproj", "{759487F6-9F6F-4457-902B-AB8A82592D48}"
EndProject
Project("{FAE04EC0-301F-11D3-BF4B-00C04F79EFBC}") = "Bw.Extensions.Microsoft.DependencyInjection", "BwFramework\src\Extensions\Bw.Extensions.Microsoft.DependencyInjection\Bw.Extensions.Microsoft.DependencyInjection.csproj", "{7903B28D-6C77-406F-B612-0238536F4D0C}"
EndProject
Project("{FAE04EC0-301F-11D3-BF4B-00C04F79EFBC}") = "Bw.Extensions.Web", "BwFramework\src\Extensions\Bw.Extensions.Web\Bw.Extensions.Web.csproj", "{C041755C-36D8-4E11-9BAF-332F582313C6}"
EndProject
Project("{2150E333-8FDC-42A3-9474-1A3956D46DE8}") = "Persistence", "Persistence", "{B248D1A9-F03A-421C-B113-0FA8F1499BEB}"
EndProject
Project("{FAE04EC0-301F-11D3-BF4B-00C04F79EFBC}") = "Bw.Messaging.Persistence.EfCore.Postgres", "BwFramework\src\Persistence\Bw.Messaging.Persistence.EfCore.Postgres\Bw.Messaging.Persistence.EfCore.Postgres.csproj", "{12C5348F-CC2C-4892-8B47-D24EC48435E2}"
EndProject
Project("{FAE04EC0-301F-11D3-BF4B-00C04F79EFBC}") = "Bw.Messaging.Persistence.EfCore.SqlServer", "BwFramework\src\Persistence\Bw.Messaging.Persistence.EfCore.SqlServer\Bw.Messaging.Persistence.EfCore.SqlServer.csproj", "{3C85BCDE-C29C-4F75-B86D-806CE2C71DDE}"
EndProject
Project("{FAE04EC0-301F-11D3-BF4B-00C04F79EFBC}") = "Bw.Persistence.Dapper.SqlServer", "BwFramework\src\Persistence\Bw.Persistence.Dapper.SqlServer\Bw.Persistence.Dapper.SqlServer.csproj", "{87723543-D772-4FFF-B100-79B62A8ED871}"
EndProject
Project("{FAE04EC0-301F-11D3-BF4B-00C04F79EFBC}") = "Bw.Persistence.EfCore.Postgres", "BwFramework\src\Persistence\Bw.Persistence.EfCore.Postgres\Bw.Persistence.EfCore.Postgres.csproj", "{F5E36F4F-D7AD-47FE-B03D-F85B778F0D89}"
EndProject
Project("{FAE04EC0-301F-11D3-BF4B-00C04F79EFBC}") = "Bw.Persistence.EFCore", "BwFramework\src\Persistence\Bw.Persistence.EFCore\Bw.Persistence.EFCore.csproj", "{523EF68C-66FA-45D9-A756-C5B33DDD76D0}"
EndProject
Project("{FAE04EC0-301F-11D3-BF4B-00C04F79EFBC}") = "Bw.Persistence.EFCore.SqlServer", "BwFramework\src\Persistence\Bw.Persistence.EFCore.SqlServer\Bw.Persistence.EFCore.SqlServer.csproj", "{EFC9F667-054E-4487-B42B-588E6DDA43DD}"
EndProject
Project("{FAE04EC0-301F-11D3-BF4B-00C04F79EFBC}") = "Bw.Persistence.EventStore", "BwFramework\src\Persistence\Bw.Persistence.EventStore\Bw.Persistence.EventStore.csproj", "{597C1C33-7FC5-41BB-86AA-177A05627011}"
EndProject
Project("{FAE04EC0-301F-11D3-BF4B-00C04F79EFBC}") = "Bw.Persistence.Mongo", "BwFramework\src\Persistence\Bw.Persistence.Mongo\Bw.Persistence.Mongo.csproj", "{F34A5F85-7937-4FD0-9A2F-90FFC1F4141B}"
EndProject
Project("{2150E333-8FDC-42A3-9474-1A3956D46DE8}") = "src", "src", "{A1147323-E64C-4F5A-B0FD-FC28AD73817A}"
EndProject
Project("{2150E333-8FDC-42A3-9474-1A3956D46DE8}") = "CatalogContext", "CatalogContext", "{CEC7BCC8-D643-4DB6-8E79-B38574B6F56C}"
EndProject
Project("{FAE04EC0-301F-11D3-BF4B-00C04F79EFBC}") = "BwShop.Catalog.Domain", "src\CatalogContext\BwShop.Catalog.Domain\BwShop.Catalog.Domain.csproj", "{4BF3F57E-AE6D-4E95-9EF6-906AE3C03412}"
EndProject
Project("{FAE04EC0-301F-11D3-BF4B-00C04F79EFBC}") = "BwShop.Catalog.Application", "src\CatalogContext\BwShop.Catalog.Application\BwShop.Catalog.Application.csproj", "{A3141464-44F8-4979-8E52-039ACE019294}"
EndProject
Project("{FAE04EC0-301F-11D3-BF4B-00C04F79EFBC}") = "BwShop.Catalog.Api", "src\CatalogContext\BwShop.Catalog.Api\BwShop.Catalog.Api.csproj", "{60548A94-2081-4FD1-B870-C397D639C1C2}"
EndProject
Project("{FAE04EC0-301F-11D3-BF4B-00C04F79EFBC}") = "BwShop.Catalog.WebHost", "src\CatalogContext\BwShop.Catalog.WebHost\BwShop.Catalog.WebHost.csproj", "{535A29CC-97DE-495B-BD86-7C0484C2A771}"
EndProject
Project("{FAE04EC0-301F-11D3-BF4B-00C04F79EFBC}") = "BwShop.Catalog.Infrastructure", "src\CatalogContext\BwShop.Catalog.Infrastructure\BwShop.Catalog.Infrastructure.csproj", "{2956F594-F4CE-44D0-9E49-81C03DCB3BEF}"
EndProject
Project("{2150E333-8FDC-42A3-9474-1A3956D46DE8}") = "MediaContext", "MediaContext", "{0661CF56-6727-43B9-B77F-ADE8DCB7184B}"
EndProject
Project("{FAE04EC0-301F-11D3-BF4B-00C04F79EFBC}") = "BwShop.Media.Domain", "src\MediaContext\BwShop.Media.Domain\BwShop.Media.Domain.csproj", "{5FC069A6-37AD-45CD-92C0-8D7B0D7946C4}"
EndProject
Project("{FAE04EC0-301F-11D3-BF4B-00C04F79EFBC}") = "BwShop.Media.Infrastructure", "src\MediaContext\BwShop.Media.Infrastructure\BwShop.Media.Infrastructure.csproj", "{ABAA4155-0EA6-4AAE-A495-E5A032479410}"
EndProject
Project("{FAE04EC0-301F-11D3-BF4B-00C04F79EFBC}") = "BwShop.Media.Application", "src\MediaContext\BwShop.Media.Application\BwShop.Media.Application.csproj", "{46BC920D-466A-414E-BA18-0D2B6C7C2041}"
EndProject
Project("{FAE04EC0-301F-11D3-BF4B-00C04F79EFBC}") = "BwShop.Media.Api", "src\MediaContext\BwShop.Media.Api\BwShop.Media.Api.csproj", "{394776F0-B78A-40FC-98C6-6E7B2D5DF8C9}"
EndProject
Project("{2150E333-8FDC-42A3-9474-1A3956D46DE8}") = "test", "test", "{8472A992-BB29-43A0-B854-41E8B2C852DF}"
EndProject
Project("{FAE04EC0-301F-11D3-BF4B-00C04F79EFBC}") = "MediaContext", "test\MediaContext\MediaContext.csproj", "{964F198C-6E04-432C-A67C-34EA9BC35DA9}"
EndProject
Global
	GlobalSection(SolutionConfigurationPlatforms) = preSolution
		Debug|Any CPU = Debug|Any CPU
		Release|Any CPU = Release|Any CPU
	EndGlobalSection
	GlobalSection(SolutionProperties) = preSolution
		HideSolutionNode = FALSE
	EndGlobalSection
	GlobalSection(ProjectConfigurationPlatforms) = postSolution
		{FEF1FA58-4882-4675-A0F9-9C147163D598}.Debug|Any CPU.ActiveCfg = Debug|Any CPU
		{FEF1FA58-4882-4675-A0F9-9C147163D598}.Debug|Any CPU.Build.0 = Debug|Any CPU
		{FEF1FA58-4882-4675-A0F9-9C147163D598}.Release|Any CPU.ActiveCfg = Release|Any CPU
		{FEF1FA58-4882-4675-A0F9-9C147163D598}.Release|Any CPU.Build.0 = Release|Any CPU
		{B3EDFA2A-36AE-4DC6-9372-116E4BC20C65}.Debug|Any CPU.ActiveCfg = Debug|Any CPU
		{B3EDFA2A-36AE-4DC6-9372-116E4BC20C65}.Debug|Any CPU.Build.0 = Debug|Any CPU
		{B3EDFA2A-36AE-4DC6-9372-116E4BC20C65}.Release|Any CPU.ActiveCfg = Release|Any CPU
		{B3EDFA2A-36AE-4DC6-9372-116E4BC20C65}.Release|Any CPU.Build.0 = Release|Any CPU
		{6B147687-3018-435C-8812-B525EE9A3D8B}.Debug|Any CPU.ActiveCfg = Debug|Any CPU
		{6B147687-3018-435C-8812-B525EE9A3D8B}.Debug|Any CPU.Build.0 = Debug|Any CPU
		{6B147687-3018-435C-8812-B525EE9A3D8B}.Release|Any CPU.ActiveCfg = Release|Any CPU
		{6B147687-3018-435C-8812-B525EE9A3D8B}.Release|Any CPU.Build.0 = Release|Any CPU
		{12E2AEA1-B1F5-4ACC-A4F4-E96FEB55D7FB}.Debug|Any CPU.ActiveCfg = Debug|Any CPU
		{12E2AEA1-B1F5-4ACC-A4F4-E96FEB55D7FB}.Debug|Any CPU.Build.0 = Debug|Any CPU
		{12E2AEA1-B1F5-4ACC-A4F4-E96FEB55D7FB}.Release|Any CPU.ActiveCfg = Release|Any CPU
		{12E2AEA1-B1F5-4ACC-A4F4-E96FEB55D7FB}.Release|Any CPU.Build.0 = Release|Any CPU
		{38606660-C8B5-4F2F-9269-125841DADF2F}.Debug|Any CPU.ActiveCfg = Debug|Any CPU
		{38606660-C8B5-4F2F-9269-125841DADF2F}.Debug|Any CPU.Build.0 = Debug|Any CPU
		{38606660-C8B5-4F2F-9269-125841DADF2F}.Release|Any CPU.ActiveCfg = Release|Any CPU
		{38606660-C8B5-4F2F-9269-125841DADF2F}.Release|Any CPU.Build.0 = Release|Any CPU
		{82C93984-DC8E-48CE-8C48-2C980EB22446}.Debug|Any CPU.ActiveCfg = Debug|Any CPU
		{82C93984-DC8E-48CE-8C48-2C980EB22446}.Debug|Any CPU.Build.0 = Debug|Any CPU
		{82C93984-DC8E-48CE-8C48-2C980EB22446}.Release|Any CPU.ActiveCfg = Release|Any CPU
		{82C93984-DC8E-48CE-8C48-2C980EB22446}.Release|Any CPU.Build.0 = Release|Any CPU
		{3B970CD7-3EC4-4FD3-B17B-A81C0B855885}.Debug|Any CPU.ActiveCfg = Debug|Any CPU
		{3B970CD7-3EC4-4FD3-B17B-A81C0B855885}.Debug|Any CPU.Build.0 = Debug|Any CPU
		{3B970CD7-3EC4-4FD3-B17B-A81C0B855885}.Release|Any CPU.ActiveCfg = Release|Any CPU
		{3B970CD7-3EC4-4FD3-B17B-A81C0B855885}.Release|Any CPU.Build.0 = Release|Any CPU
		{DB90A8F4-7AF7-4867-81B1-8F0EBB834A3E}.Debug|Any CPU.ActiveCfg = Debug|Any CPU
		{DB90A8F4-7AF7-4867-81B1-8F0EBB834A3E}.Debug|Any CPU.Build.0 = Debug|Any CPU
		{DB90A8F4-7AF7-4867-81B1-8F0EBB834A3E}.Release|Any CPU.ActiveCfg = Release|Any CPU
		{DB90A8F4-7AF7-4867-81B1-8F0EBB834A3E}.Release|Any CPU.Build.0 = Release|Any CPU
		{2EF08A57-D0BC-4BE0-AB71-EFC41778A78D}.Debug|Any CPU.ActiveCfg = Debug|Any CPU
		{2EF08A57-D0BC-4BE0-AB71-EFC41778A78D}.Debug|Any CPU.Build.0 = Debug|Any CPU
		{2EF08A57-D0BC-4BE0-AB71-EFC41778A78D}.Release|Any CPU.ActiveCfg = Release|Any CPU
		{2EF08A57-D0BC-4BE0-AB71-EFC41778A78D}.Release|Any CPU.Build.0 = Release|Any CPU
		{9445B733-0FC8-4398-A86D-DCD7BB17C359}.Debug|Any CPU.ActiveCfg = Debug|Any CPU
		{9445B733-0FC8-4398-A86D-DCD7BB17C359}.Debug|Any CPU.Build.0 = Debug|Any CPU
		{9445B733-0FC8-4398-A86D-DCD7BB17C359}.Release|Any CPU.ActiveCfg = Release|Any CPU
		{9445B733-0FC8-4398-A86D-DCD7BB17C359}.Release|Any CPU.Build.0 = Release|Any CPU
		{490059F3-7B54-4166-827C-BDCE9628F65C}.Debug|Any CPU.ActiveCfg = Debug|Any CPU
		{490059F3-7B54-4166-827C-BDCE9628F65C}.Debug|Any CPU.Build.0 = Debug|Any CPU
		{490059F3-7B54-4166-827C-BDCE9628F65C}.Release|Any CPU.ActiveCfg = Release|Any CPU
		{490059F3-7B54-4166-827C-BDCE9628F65C}.Release|Any CPU.Build.0 = Release|Any CPU
		{38882319-F630-401C-9285-304000706DF5}.Debug|Any CPU.ActiveCfg = Debug|Any CPU
		{38882319-F630-401C-9285-304000706DF5}.Debug|Any CPU.Build.0 = Debug|Any CPU
		{38882319-F630-401C-9285-304000706DF5}.Release|Any CPU.ActiveCfg = Release|Any CPU
		{38882319-F630-401C-9285-304000706DF5}.Release|Any CPU.Build.0 = Release|Any CPU
		{6906316C-0433-446B-80BD-3D9465AA2FBC}.Debug|Any CPU.ActiveCfg = Debug|Any CPU
		{6906316C-0433-446B-80BD-3D9465AA2FBC}.Debug|Any CPU.Build.0 = Debug|Any CPU
		{6906316C-0433-446B-80BD-3D9465AA2FBC}.Release|Any CPU.ActiveCfg = Release|Any CPU
		{6906316C-0433-446B-80BD-3D9465AA2FBC}.Release|Any CPU.Build.0 = Release|Any CPU
		{21473B77-366D-4C5B-A04A-924DFD83CE25}.Debug|Any CPU.ActiveCfg = Debug|Any CPU
		{21473B77-366D-4C5B-A04A-924DFD83CE25}.Debug|Any CPU.Build.0 = Debug|Any CPU
		{21473B77-366D-4C5B-A04A-924DFD83CE25}.Release|Any CPU.ActiveCfg = Release|Any CPU
		{21473B77-366D-4C5B-A04A-924DFD83CE25}.Release|Any CPU.Build.0 = Release|Any CPU
		{CBA5F151-458D-48E8-B90E-ABB19F9BDEE7}.Debug|Any CPU.ActiveCfg = Debug|Any CPU
		{CBA5F151-458D-48E8-B90E-ABB19F9BDEE7}.Debug|Any CPU.Build.0 = Debug|Any CPU
		{CBA5F151-458D-48E8-B90E-ABB19F9BDEE7}.Release|Any CPU.ActiveCfg = Release|Any CPU
		{CBA5F151-458D-48E8-B90E-ABB19F9BDEE7}.Release|Any CPU.Build.0 = Release|Any CPU
		{85A8FCA6-2A8B-4830-8788-2DC6D7D6F7E4}.Debug|Any CPU.ActiveCfg = Debug|Any CPU
		{85A8FCA6-2A8B-4830-8788-2DC6D7D6F7E4}.Debug|Any CPU.Build.0 = Debug|Any CPU
		{85A8FCA6-2A8B-4830-8788-2DC6D7D6F7E4}.Release|Any CPU.ActiveCfg = Release|Any CPU
		{85A8FCA6-2A8B-4830-8788-2DC6D7D6F7E4}.Release|Any CPU.Build.0 = Release|Any CPU
		{688A7D7E-34D0-4997-B102-442080039B51}.Debug|Any CPU.ActiveCfg = Debug|Any CPU
		{688A7D7E-34D0-4997-B102-442080039B51}.Debug|Any CPU.Build.0 = Debug|Any CPU
		{688A7D7E-34D0-4997-B102-442080039B51}.Release|Any CPU.ActiveCfg = Release|Any CPU
		{688A7D7E-34D0-4997-B102-442080039B51}.Release|Any CPU.Build.0 = Release|Any CPU
		{2B2B0734-1E8D-4D3E-B8BD-387D959BC025}.Debug|Any CPU.ActiveCfg = Debug|Any CPU
		{2B2B0734-1E8D-4D3E-B8BD-387D959BC025}.Debug|Any CPU.Build.0 = Debug|Any CPU
		{2B2B0734-1E8D-4D3E-B8BD-387D959BC025}.Release|Any CPU.ActiveCfg = Release|Any CPU
		{2B2B0734-1E8D-4D3E-B8BD-387D959BC025}.Release|Any CPU.Build.0 = Release|Any CPU
		{49801F33-E3CE-4848-BE46-57FE21F94363}.Debug|Any CPU.ActiveCfg = Debug|Any CPU
		{49801F33-E3CE-4848-BE46-57FE21F94363}.Debug|Any CPU.Build.0 = Debug|Any CPU
		{49801F33-E3CE-4848-BE46-57FE21F94363}.Release|Any CPU.ActiveCfg = Release|Any CPU
		{49801F33-E3CE-4848-BE46-57FE21F94363}.Release|Any CPU.Build.0 = Release|Any CPU
		{C3CD08A1-7063-4B14-8A07-FB41355C0661}.Debug|Any CPU.ActiveCfg = Debug|Any CPU
		{C3CD08A1-7063-4B14-8A07-FB41355C0661}.Debug|Any CPU.Build.0 = Debug|Any CPU
		{C3CD08A1-7063-4B14-8A07-FB41355C0661}.Release|Any CPU.ActiveCfg = Release|Any CPU
		{C3CD08A1-7063-4B14-8A07-FB41355C0661}.Release|Any CPU.Build.0 = Release|Any CPU
		{759487F6-9F6F-4457-902B-AB8A82592D48}.Debug|Any CPU.ActiveCfg = Debug|Any CPU
		{759487F6-9F6F-4457-902B-AB8A82592D48}.Debug|Any CPU.Build.0 = Debug|Any CPU
		{759487F6-9F6F-4457-902B-AB8A82592D48}.Release|Any CPU.ActiveCfg = Release|Any CPU
		{759487F6-9F6F-4457-902B-AB8A82592D48}.Release|Any CPU.Build.0 = Release|Any CPU
		{7903B28D-6C77-406F-B612-0238536F4D0C}.Debug|Any CPU.ActiveCfg = Debug|Any CPU
		{7903B28D-6C77-406F-B612-0238536F4D0C}.Debug|Any CPU.Build.0 = Debug|Any CPU
		{7903B28D-6C77-406F-B612-0238536F4D0C}.Release|Any CPU.ActiveCfg = Release|Any CPU
		{7903B28D-6C77-406F-B612-0238536F4D0C}.Release|Any CPU.Build.0 = Release|Any CPU
		{C041755C-36D8-4E11-9BAF-332F582313C6}.Debug|Any CPU.ActiveCfg = Debug|Any CPU
		{C041755C-36D8-4E11-9BAF-332F582313C6}.Debug|Any CPU.Build.0 = Debug|Any CPU
		{C041755C-36D8-4E11-9BAF-332F582313C6}.Release|Any CPU.ActiveCfg = Release|Any CPU
		{C041755C-36D8-4E11-9BAF-332F582313C6}.Release|Any CPU.Build.0 = Release|Any CPU
		{12C5348F-CC2C-4892-8B47-D24EC48435E2}.Debug|Any CPU.ActiveCfg = Debug|Any CPU
		{12C5348F-CC2C-4892-8B47-D24EC48435E2}.Debug|Any CPU.Build.0 = Debug|Any CPU
		{12C5348F-CC2C-4892-8B47-D24EC48435E2}.Release|Any CPU.ActiveCfg = Release|Any CPU
		{12C5348F-CC2C-4892-8B47-D24EC48435E2}.Release|Any CPU.Build.0 = Release|Any CPU
		{3C85BCDE-C29C-4F75-B86D-806CE2C71DDE}.Debug|Any CPU.ActiveCfg = Debug|Any CPU
		{3C85BCDE-C29C-4F75-B86D-806CE2C71DDE}.Debug|Any CPU.Build.0 = Debug|Any CPU
		{3C85BCDE-C29C-4F75-B86D-806CE2C71DDE}.Release|Any CPU.ActiveCfg = Release|Any CPU
		{3C85BCDE-C29C-4F75-B86D-806CE2C71DDE}.Release|Any CPU.Build.0 = Release|Any CPU
		{87723543-D772-4FFF-B100-79B62A8ED871}.Debug|Any CPU.ActiveCfg = Debug|Any CPU
		{87723543-D772-4FFF-B100-79B62A8ED871}.Debug|Any CPU.Build.0 = Debug|Any CPU
		{87723543-D772-4FFF-B100-79B62A8ED871}.Release|Any CPU.ActiveCfg = Release|Any CPU
		{87723543-D772-4FFF-B100-79B62A8ED871}.Release|Any CPU.Build.0 = Release|Any CPU
		{F5E36F4F-D7AD-47FE-B03D-F85B778F0D89}.Debug|Any CPU.ActiveCfg = Debug|Any CPU
		{F5E36F4F-D7AD-47FE-B03D-F85B778F0D89}.Debug|Any CPU.Build.0 = Debug|Any CPU
		{F5E36F4F-D7AD-47FE-B03D-F85B778F0D89}.Release|Any CPU.ActiveCfg = Release|Any CPU
		{F5E36F4F-D7AD-47FE-B03D-F85B778F0D89}.Release|Any CPU.Build.0 = Release|Any CPU
		{523EF68C-66FA-45D9-A756-C5B33DDD76D0}.Debug|Any CPU.ActiveCfg = Debug|Any CPU
		{523EF68C-66FA-45D9-A756-C5B33DDD76D0}.Debug|Any CPU.Build.0 = Debug|Any CPU
		{523EF68C-66FA-45D9-A756-C5B33DDD76D0}.Release|Any CPU.ActiveCfg = Release|Any CPU
		{523EF68C-66FA-45D9-A756-C5B33DDD76D0}.Release|Any CPU.Build.0 = Release|Any CPU
		{EFC9F667-054E-4487-B42B-588E6DDA43DD}.Debug|Any CPU.ActiveCfg = Debug|Any CPU
		{EFC9F667-054E-4487-B42B-588E6DDA43DD}.Debug|Any CPU.Build.0 = Debug|Any CPU
		{EFC9F667-054E-4487-B42B-588E6DDA43DD}.Release|Any CPU.ActiveCfg = Release|Any CPU
		{EFC9F667-054E-4487-B42B-588E6DDA43DD}.Release|Any CPU.Build.0 = Release|Any CPU
		{597C1C33-7FC5-41BB-86AA-177A05627011}.Debug|Any CPU.ActiveCfg = Debug|Any CPU
		{597C1C33-7FC5-41BB-86AA-177A05627011}.Debug|Any CPU.Build.0 = Debug|Any CPU
		{597C1C33-7FC5-41BB-86AA-177A05627011}.Release|Any CPU.ActiveCfg = Release|Any CPU
		{597C1C33-7FC5-41BB-86AA-177A05627011}.Release|Any CPU.Build.0 = Release|Any CPU
		{F34A5F85-7937-4FD0-9A2F-90FFC1F4141B}.Debug|Any CPU.ActiveCfg = Debug|Any CPU
		{F34A5F85-7937-4FD0-9A2F-90FFC1F4141B}.Debug|Any CPU.Build.0 = Debug|Any CPU
		{F34A5F85-7937-4FD0-9A2F-90FFC1F4141B}.Release|Any CPU.ActiveCfg = Release|Any CPU
		{F34A5F85-7937-4FD0-9A2F-90FFC1F4141B}.Release|Any CPU.Build.0 = Release|Any CPU
		{4BF3F57E-AE6D-4E95-9EF6-906AE3C03412}.Debug|Any CPU.ActiveCfg = Debug|Any CPU
		{4BF3F57E-AE6D-4E95-9EF6-906AE3C03412}.Debug|Any CPU.Build.0 = Debug|Any CPU
		{4BF3F57E-AE6D-4E95-9EF6-906AE3C03412}.Release|Any CPU.ActiveCfg = Release|Any CPU
		{4BF3F57E-AE6D-4E95-9EF6-906AE3C03412}.Release|Any CPU.Build.0 = Release|Any CPU
		{A3141464-44F8-4979-8E52-039ACE019294}.Debug|Any CPU.ActiveCfg = Debug|Any CPU
		{A3141464-44F8-4979-8E52-039ACE019294}.Debug|Any CPU.Build.0 = Debug|Any CPU
		{A3141464-44F8-4979-8E52-039ACE019294}.Release|Any CPU.ActiveCfg = Release|Any CPU
		{A3141464-44F8-4979-8E52-039ACE019294}.Release|Any CPU.Build.0 = Release|Any CPU
		{60548A94-2081-4FD1-B870-C397D639C1C2}.Debug|Any CPU.ActiveCfg = Debug|Any CPU
		{60548A94-2081-4FD1-B870-C397D639C1C2}.Debug|Any CPU.Build.0 = Debug|Any CPU
		{60548A94-2081-4FD1-B870-C397D639C1C2}.Release|Any CPU.ActiveCfg = Release|Any CPU
		{60548A94-2081-4FD1-B870-C397D639C1C2}.Release|Any CPU.Build.0 = Release|Any CPU
		{535A29CC-97DE-495B-BD86-7C0484C2A771}.Debug|Any CPU.ActiveCfg = Debug|Any CPU
		{535A29CC-97DE-495B-BD86-7C0484C2A771}.Debug|Any CPU.Build.0 = Debug|Any CPU
		{535A29CC-97DE-495B-BD86-7C0484C2A771}.Release|Any CPU.ActiveCfg = Release|Any CPU
		{535A29CC-97DE-495B-BD86-7C0484C2A771}.Release|Any CPU.Build.0 = Release|Any CPU
		{2956F594-F4CE-44D0-9E49-81C03DCB3BEF}.Debug|Any CPU.ActiveCfg = Debug|Any CPU
		{2956F594-F4CE-44D0-9E49-81C03DCB3BEF}.Debug|Any CPU.Build.0 = Debug|Any CPU
		{2956F594-F4CE-44D0-9E49-81C03DCB3BEF}.Release|Any CPU.ActiveCfg = Release|Any CPU
		{2956F594-F4CE-44D0-9E49-81C03DCB3BEF}.Release|Any CPU.Build.0 = Release|Any CPU
		{5FC069A6-37AD-45CD-92C0-8D7B0D7946C4}.Debug|Any CPU.ActiveCfg = Debug|Any CPU
		{5FC069A6-37AD-45CD-92C0-8D7B0D7946C4}.Debug|Any CPU.Build.0 = Debug|Any CPU
		{5FC069A6-37AD-45CD-92C0-8D7B0D7946C4}.Release|Any CPU.ActiveCfg = Release|Any CPU
		{5FC069A6-37AD-45CD-92C0-8D7B0D7946C4}.Release|Any CPU.Build.0 = Release|Any CPU
		{ABAA4155-0EA6-4AAE-A495-E5A032479410}.Debug|Any CPU.ActiveCfg = Debug|Any CPU
		{ABAA4155-0EA6-4AAE-A495-E5A032479410}.Debug|Any CPU.Build.0 = Debug|Any CPU
		{ABAA4155-0EA6-4AAE-A495-E5A032479410}.Release|Any CPU.ActiveCfg = Release|Any CPU
		{ABAA4155-0EA6-4AAE-A495-E5A032479410}.Release|Any CPU.Build.0 = Release|Any CPU
		{46BC920D-466A-414E-BA18-0D2B6C7C2041}.Debug|Any CPU.ActiveCfg = Debug|Any CPU
		{46BC920D-466A-414E-BA18-0D2B6C7C2041}.Debug|Any CPU.Build.0 = Debug|Any CPU
		{46BC920D-466A-414E-BA18-0D2B6C7C2041}.Release|Any CPU.ActiveCfg = Release|Any CPU
		{46BC920D-466A-414E-BA18-0D2B6C7C2041}.Release|Any CPU.Build.0 = Release|Any CPU
		{394776F0-B78A-40FC-98C6-6E7B2D5DF8C9}.Debug|Any CPU.ActiveCfg = Debug|Any CPU
		{394776F0-B78A-40FC-98C6-6E7B2D5DF8C9}.Debug|Any CPU.Build.0 = Debug|Any CPU
		{394776F0-B78A-40FC-98C6-6E7B2D5DF8C9}.Release|Any CPU.ActiveCfg = Release|Any CPU
		{394776F0-B78A-40FC-98C6-6E7B2D5DF8C9}.Release|Any CPU.Build.0 = Release|Any CPU
		{964F198C-6E04-432C-A67C-34EA9BC35DA9}.Debug|Any CPU.ActiveCfg = Debug|Any CPU
		{964F198C-6E04-432C-A67C-34EA9BC35DA9}.Debug|Any CPU.Build.0 = Debug|Any CPU
		{964F198C-6E04-432C-A67C-34EA9BC35DA9}.Release|Any CPU.ActiveCfg = Release|Any CPU
		{964F198C-6E04-432C-A67C-34EA9BC35DA9}.Release|Any CPU.Build.0 = Release|Any CPU
	EndGlobalSection
	GlobalSection(NestedProjects) = preSolution
		{359D4177-03CB-43B1-9FEE-7C0AB4069661} = {6798BB70-30F0-4A61-9B2D-DF8349ECD239}
		{E4595FF6-5295-46C6-B405-51040DDDB0D6} = {359D4177-03CB-43B1-9FEE-7C0AB4069661}
		{FEF1FA58-4882-4675-A0F9-9C147163D598} = {E4595FF6-5295-46C6-B405-51040DDDB0D6}
		{FAC193F0-3F18-4A94-B8BA-10392D419D43} = {359D4177-03CB-43B1-9FEE-7C0AB4069661}
		{B3EDFA2A-36AE-4DC6-9372-116E4BC20C65} = {FAC193F0-3F18-4A94-B8BA-10392D419D43}
		{6B147687-3018-435C-8812-B525EE9A3D8B} = {359D4177-03CB-43B1-9FEE-7C0AB4069661}
		{12E2AEA1-B1F5-4ACC-A4F4-E96FEB55D7FB} = {359D4177-03CB-43B1-9FEE-7C0AB4069661}
		{38606660-C8B5-4F2F-9269-125841DADF2F} = {359D4177-03CB-43B1-9FEE-7C0AB4069661}
		{82C93984-DC8E-48CE-8C48-2C980EB22446} = {359D4177-03CB-43B1-9FEE-7C0AB4069661}
		{3B970CD7-3EC4-4FD3-B17B-A81C0B855885} = {359D4177-03CB-43B1-9FEE-7C0AB4069661}
		{DB90A8F4-7AF7-4867-81B1-8F0EBB834A3E} = {359D4177-03CB-43B1-9FEE-7C0AB4069661}
		{2EF08A57-D0BC-4BE0-AB71-EFC41778A78D} = {359D4177-03CB-43B1-9FEE-7C0AB4069661}
		{9445B733-0FC8-4398-A86D-DCD7BB17C359} = {359D4177-03CB-43B1-9FEE-7C0AB4069661}
		{490059F3-7B54-4166-827C-BDCE9628F65C} = {359D4177-03CB-43B1-9FEE-7C0AB4069661}
		{38882319-F630-401C-9285-304000706DF5} = {359D4177-03CB-43B1-9FEE-7C0AB4069661}
		{6906316C-0433-446B-80BD-3D9465AA2FBC} = {359D4177-03CB-43B1-9FEE-7C0AB4069661}
		{21473B77-366D-4C5B-A04A-924DFD83CE25} = {359D4177-03CB-43B1-9FEE-7C0AB4069661}
		{CBA5F151-458D-48E8-B90E-ABB19F9BDEE7} = {359D4177-03CB-43B1-9FEE-7C0AB4069661}
		{85A8FCA6-2A8B-4830-8788-2DC6D7D6F7E4} = {359D4177-03CB-43B1-9FEE-7C0AB4069661}
		{688A7D7E-34D0-4997-B102-442080039B51} = {359D4177-03CB-43B1-9FEE-7C0AB4069661}
		{2B2B0734-1E8D-4D3E-B8BD-387D959BC025} = {359D4177-03CB-43B1-9FEE-7C0AB4069661}
		{3C15F4BE-B1FB-47C1-A7CD-EF37C221DC99} = {359D4177-03CB-43B1-9FEE-7C0AB4069661}
		{49801F33-E3CE-4848-BE46-57FE21F94363} = {3C15F4BE-B1FB-47C1-A7CD-EF37C221DC99}
		{C3CD08A1-7063-4B14-8A07-FB41355C0661} = {3C15F4BE-B1FB-47C1-A7CD-EF37C221DC99}
		{759487F6-9F6F-4457-902B-AB8A82592D48} = {3C15F4BE-B1FB-47C1-A7CD-EF37C221DC99}
		{7903B28D-6C77-406F-B612-0238536F4D0C} = {3C15F4BE-B1FB-47C1-A7CD-EF37C221DC99}
		{C041755C-36D8-4E11-9BAF-332F582313C6} = {3C15F4BE-B1FB-47C1-A7CD-EF37C221DC99}
		{B248D1A9-F03A-421C-B113-0FA8F1499BEB} = {359D4177-03CB-43B1-9FEE-7C0AB4069661}
		{12C5348F-CC2C-4892-8B47-D24EC48435E2} = {B248D1A9-F03A-421C-B113-0FA8F1499BEB}
		{3C85BCDE-C29C-4F75-B86D-806CE2C71DDE} = {B248D1A9-F03A-421C-B113-0FA8F1499BEB}
		{87723543-D772-4FFF-B100-79B62A8ED871} = {B248D1A9-F03A-421C-B113-0FA8F1499BEB}
		{F5E36F4F-D7AD-47FE-B03D-F85B778F0D89} = {B248D1A9-F03A-421C-B113-0FA8F1499BEB}
		{523EF68C-66FA-45D9-A756-C5B33DDD76D0} = {B248D1A9-F03A-421C-B113-0FA8F1499BEB}
		{EFC9F667-054E-4487-B42B-588E6DDA43DD} = {B248D1A9-F03A-421C-B113-0FA8F1499BEB}
		{597C1C33-7FC5-41BB-86AA-177A05627011} = {B248D1A9-F03A-421C-B113-0FA8F1499BEB}
		{F34A5F85-7937-4FD0-9A2F-90FFC1F4141B} = {B248D1A9-F03A-421C-B113-0FA8F1499BEB}
		{CEC7BCC8-D643-4DB6-8E79-B38574B6F56C} = {A1147323-E64C-4F5A-B0FD-FC28AD73817A}
		{4BF3F57E-AE6D-4E95-9EF6-906AE3C03412} = {CEC7BCC8-D643-4DB6-8E79-B38574B6F56C}
		{A3141464-44F8-4979-8E52-039ACE019294} = {CEC7BCC8-D643-4DB6-8E79-B38574B6F56C}
		{60548A94-2081-4FD1-B870-C397D639C1C2} = {CEC7BCC8-D643-4DB6-8E79-B38574B6F56C}
		{535A29CC-97DE-495B-BD86-7C0484C2A771} = {CEC7BCC8-D643-4DB6-8E79-B38574B6F56C}
		{2956F594-F4CE-44D0-9E49-81C03DCB3BEF} = {CEC7BCC8-D643-4DB6-8E79-B38574B6F56C}
		{0661CF56-6727-43B9-B77F-ADE8DCB7184B} = {A1147323-E64C-4F5A-B0FD-FC28AD73817A}
		{5FC069A6-37AD-45CD-92C0-8D7B0D7946C4} = {0661CF56-6727-43B9-B77F-ADE8DCB7184B}
		{ABAA4155-0EA6-4AAE-A495-E5A032479410} = {0661CF56-6727-43B9-B77F-ADE8DCB7184B}
		{46BC920D-466A-414E-BA18-0D2B6C7C2041} = {0661CF56-6727-43B9-B77F-ADE8DCB7184B}
		{394776F0-B78A-40FC-98C6-6E7B2D5DF8C9} = {0661CF56-6727-43B9-B77F-ADE8DCB7184B}
		{964F198C-6E04-432C-A67C-34EA9BC35DA9} = {8472A992-BB29-43A0-B854-41E8B2C852DF}
	EndGlobalSection
EndGlobal
